// !$*UTF8*$!
{
	archiveVersion = 1;
	classes = {
	};
	objectVersion = 46;
	objects = {

/* Begin PBXBuildFile section */
		EB0032291C976AA5000FAAD2 /* serveimage.jpg in Resources */ = {isa = PBXBuildFile; fileRef = EB0032281C976AA5000FAAD2 /* serveimage.jpg */; };
		EB12FFA51D52A49C005B68B4 /* UINavigationController+DMLNavCategory.m in Sources */ = {isa = PBXBuildFile; fileRef = EB12FFA41D52A49C005B68B4 /* UINavigationController+DMLNavCategory.m */; };
		EB1D95EF1D5D00E1006CD1C6 /* pencilthicknessT.png in Resources */ = {isa = PBXBuildFile; fileRef = EB1D95EC1D5D00E1006CD1C6 /* pencilthicknessT.png */; };
		EB1D95F01D5D00E1006CD1C6 /* previewscreenT.png in Resources */ = {isa = PBXBuildFile; fileRef = EB1D95ED1D5D00E1006CD1C6 /* previewscreenT.png */; };
		EB1D95F11D5D00E1006CD1C6 /* shareT.png in Resources */ = {isa = PBXBuildFile; fileRef = EB1D95EE1D5D00E1006CD1C6 /* shareT.png */; };
		EB1D95F31D5D0100006CD1C6 /* realRecordT.png in Resources */ = {isa = PBXBuildFile; fileRef = EB1D95F21D5D0100006CD1C6 /* realRecordT.png */; };
		EB1D95F51D5D03C7006CD1C6 /* choosebackgroundT.png in Resources */ = {isa = PBXBuildFile; fileRef = EB1D95F41D5D03C7006CD1C6 /* choosebackgroundT.png */; };
		EB1D95F91D5D16C1006CD1C6 /* TutorialTourPageViewController.m in Sources */ = {isa = PBXBuildFile; fileRef = EB1D95F81D5D16C1006CD1C6 /* TutorialTourPageViewController.m */; };
		EB1D95FC1D5D1733006CD1C6 /* TutorialTourViewController.m in Sources */ = {isa = PBXBuildFile; fileRef = EB1D95FB1D5D1733006CD1C6 /* TutorialTourViewController.m */; };
		EB1D95FF1D5D180F006CD1C6 /* TutorialTourPageContentViewController.m in Sources */ = {isa = PBXBuildFile; fileRef = EB1D95FE1D5D180F006CD1C6 /* TutorialTourPageContentViewController.m */; };
		EB3ABB9E1C7A32520054A82F /* main.m in Sources */ = {isa = PBXBuildFile; fileRef = EB3ABB9D1C7A32520054A82F /* main.m */; };
		EB3ABBA11C7A32520054A82F /* AppDelegate.m in Sources */ = {isa = PBXBuildFile; fileRef = EB3ABBA01C7A32520054A82F /* AppDelegate.m */; };
		EB3ABBA41C7A32520054A82F /* ViewController.m in Sources */ = {isa = PBXBuildFile; fileRef = EB3ABBA31C7A32520054A82F /* ViewController.m */; };
		EB3ABBA71C7A32520054A82F /* Main.storyboard in Resources */ = {isa = PBXBuildFile; fileRef = EB3ABBA51C7A32520054A82F /* Main.storyboard */; };
		EB3ABBA91C7A32520054A82F /* Assets.xcassets in Resources */ = {isa = PBXBuildFile; fileRef = EB3ABBA81C7A32520054A82F /* Assets.xcassets */; };
		EB3ABBAC1C7A32520054A82F /* LaunchScreen.storyboard in Resources */ = {isa = PBXBuildFile; fileRef = EB3ABBAA1C7A32520054A82F /* LaunchScreen.storyboard */; };
		EB3ABBB71C7A32530054A82F /* Draw_My_Life_App_2Tests.m in Sources */ = {isa = PBXBuildFile; fileRef = EB3ABBB61C7A32530054A82F /* Draw_My_Life_App_2Tests.m */; };
		EB3ABBC21C7A32530054A82F /* Draw_My_Life_App_2UITests.m in Sources */ = {isa = PBXBuildFile; fileRef = EB3ABBC11C7A32530054A82F /* Draw_My_Life_App_2UITests.m */; };
		EB3ABBD11C7A446C0054A82F /* ChooseColorCollectionViewController.m in Sources */ = {isa = PBXBuildFile; fileRef = EB3ABBD01C7A446C0054A82F /* ChooseColorCollectionViewController.m */; };
		EB3ABBED1C7A73A10054A82F /* RecordDrawingViewController.m in Sources */ = {isa = PBXBuildFile; fileRef = EB3ABBEC1C7A73A10054A82F /* RecordDrawingViewController.m */; };
		EB3ABBF01C7A76610054A82F /* ChooseColorCollectionViewCell.m in Sources */ = {isa = PBXBuildFile; fileRef = EB3ABBEF1C7A76610054A82F /* ChooseColorCollectionViewCell.m */; };
		EB8220F71D5997260041A4D6 /* marker_red.png in Resources */ = {isa = PBXBuildFile; fileRef = EB8220F01D5997260041A4D6 /* marker_red.png */; };
		EB8220F81D5997260041A4D6 /* marker_white.png in Resources */ = {isa = PBXBuildFile; fileRef = EB8220F11D5997260041A4D6 /* marker_white.png */; };
		EB8220F91D5997260041A4D6 /* marker_green.png in Resources */ = {isa = PBXBuildFile; fileRef = EB8220F21D5997260041A4D6 /* marker_green.png */; };
		EB8220FA1D5997260041A4D6 /* marker_black.png in Resources */ = {isa = PBXBuildFile; fileRef = EB8220F31D5997260041A4D6 /* marker_black.png */; };
		EB8220FB1D5997260041A4D6 /* marker_blue.png in Resources */ = {isa = PBXBuildFile; fileRef = EB8220F41D5997260041A4D6 /* marker_blue.png */; };
		EB8220FC1D5997260041A4D6 /* marker_orange_.png in Resources */ = {isa = PBXBuildFile; fileRef = EB8220F51D5997260041A4D6 /* marker_orange_.png */; };
		EB8220FD1D5997260041A4D6 /* marker_purple.png in Resources */ = {isa = PBXBuildFile; fileRef = EB8220F61D5997260041A4D6 /* marker_purple.png */; };
		EB8221021D599EB20041A4D6 /* marker_brown.png in Resources */ = {isa = PBXBuildFile; fileRef = EB8220FE1D599EB20041A4D6 /* marker_brown.png */; };
		EB8221031D599EB20041A4D6 /* marker_cyan.png in Resources */ = {isa = PBXBuildFile; fileRef = EB8220FF1D599EB20041A4D6 /* marker_cyan.png */; };
		EB8221041D599EB20041A4D6 /* marker_magenta.png in Resources */ = {isa = PBXBuildFile; fileRef = EB8221001D599EB20041A4D6 /* marker_magenta.png */; };
		EB8221051D599EB20041A4D6 /* marker_yellow.png in Resources */ = {isa = PBXBuildFile; fileRef = EB8221011D599EB20041A4D6 /* marker_yellow.png */; };
		EBBC3BFC1D5AD7B50071DB76 /* stop-512-sm.png in Resources */ = {isa = PBXBuildFile; fileRef = EBBC3BFA1D5AD7B50071DB76 /* stop-512-sm.png */; };
		EBBC3BFE1D5ADB5A0071DB76 /* redcircle2.png in Resources */ = {isa = PBXBuildFile; fileRef = EBBC3BFD1D5ADB5A0071DB76 /* redcircle2.png */; };
		EBBC3C041D5AF1660071DB76 /* clear.png in Resources */ = {isa = PBXBuildFile; fileRef = EBBC3C031D5AF1660071DB76 /* clear.png */; };
		EBBC3C061D5BA1A10071DB76 /* Draw My Life!.png in Resources */ = {isa = PBXBuildFile; fileRef = EBBC3C051D5BA1A10071DB76 /* Draw My Life!.png */; };
		EBBC3C081D5BA2760071DB76 /* Feedback!.png in Resources */ = {isa = PBXBuildFile; fileRef = EBBC3C071D5BA2760071DB76 /* Feedback!.png */; };
		EBBC3C0A1D5BAEA50071DB76 /* Feedback!1.png in Resources */ = {isa = PBXBuildFile; fileRef = EBBC3C091D5BAEA50071DB76 /* Feedback!1.png */; };
		EBBC3C0C1D5BB0E50071DB76 /* Draw My Life!1.png in Resources */ = {isa = PBXBuildFile; fileRef = EBBC3C0B1D5BB0E50071DB76 /* Draw My Life!1.png */; };
		EBBC3C101D5BBB2C0071DB76 /* redGradient.png in Resources */ = {isa = PBXBuildFile; fileRef = EBBC3C0F1D5BBB2C0071DB76 /* redGradient.png */; };
		EBBC3C121D5BC15C0071DB76 /* DML2!Logo.png in Resources */ = {isa = PBXBuildFile; fileRef = EBBC3C111D5BC15C0071DB76 /* DML2!Logo.png */; };
/* End PBXBuildFile section */

/* Begin PBXContainerItemProxy section */
		EB3ABBB31C7A32530054A82F /* PBXContainerItemProxy */ = {
			isa = PBXContainerItemProxy;
			containerPortal = EB3ABB911C7A32520054A82F /* Project object */;
			proxyType = 1;
			remoteGlobalIDString = EB3ABB981C7A32520054A82F;
			remoteInfo = "Draw My Life App 2";
		};
		EB3ABBBE1C7A32530054A82F /* PBXContainerItemProxy */ = {
			isa = PBXContainerItemProxy;
			containerPortal = EB3ABB911C7A32520054A82F /* Project object */;
			proxyType = 1;
			remoteGlobalIDString = EB3ABB981C7A32520054A82F;
			remoteInfo = "Draw My Life App 2";
		};
/* End PBXContainerItemProxy section */

/* Begin PBXFileReference section */
		EB0032281C976AA5000FAAD2 /* serveimage.jpg */ = {isa = PBXFileReference; lastKnownFileType = image.jpeg; path = serveimage.jpg; sourceTree = "<group>"; };
		EB12FFA41D52A49C005B68B4 /* UINavigationController+DMLNavCategory.m */ = {isa = PBXFileReference; fileEncoding = 4; lastKnownFileType = sourcecode.c.objc; path = "UINavigationController+DMLNavCategory.m"; sourceTree = "<group>"; };
		EB12FFA61D52A4C3005B68B4 /* UINavigationController+DMLNavCategory.h */ = {isa = PBXFileReference; lastKnownFileType = sourcecode.c.h; path = "UINavigationController+DMLNavCategory.h"; sourceTree = "<group>"; };
		EB1D95EC1D5D00E1006CD1C6 /* pencilthicknessT.png */ = {isa = PBXFileReference; lastKnownFileType = image.png; path = pencilthicknessT.png; sourceTree = "<group>"; };
		EB1D95ED1D5D00E1006CD1C6 /* previewscreenT.png */ = {isa = PBXFileReference; lastKnownFileType = image.png; path = previewscreenT.png; sourceTree = "<group>"; };
		EB1D95EE1D5D00E1006CD1C6 /* shareT.png */ = {isa = PBXFileReference; lastKnownFileType = image.png; path = shareT.png; sourceTree = "<group>"; };
		EB1D95F21D5D0100006CD1C6 /* realRecordT.png */ = {isa = PBXFileReference; lastKnownFileType = image.png; path = realRecordT.png; sourceTree = "<group>"; };
		EB1D95F41D5D03C7006CD1C6 /* choosebackgroundT.png */ = {isa = PBXFileReference; lastKnownFileType = image.png; path = choosebackgroundT.png; sourceTree = "<group>"; };
		EB1D95F71D5D16C1006CD1C6 /* TutorialTourPageViewController.h */ = {isa = PBXFileReference; fileEncoding = 4; lastKnownFileType = sourcecode.c.h; path = TutorialTourPageViewController.h; sourceTree = "<group>"; };
		EB1D95F81D5D16C1006CD1C6 /* TutorialTourPageViewController.m */ = {isa = PBXFileReference; fileEncoding = 4; lastKnownFileType = sourcecode.c.objc; path = TutorialTourPageViewController.m; sourceTree = "<group>"; };
		EB1D95FA1D5D1733006CD1C6 /* TutorialTourViewController.h */ = {isa = PBXFileReference; fileEncoding = 4; lastKnownFileType = sourcecode.c.h; path = TutorialTourViewController.h; sourceTree = "<group>"; };
		EB1D95FB1D5D1733006CD1C6 /* TutorialTourViewController.m */ = {isa = PBXFileReference; fileEncoding = 4; lastKnownFileType = sourcecode.c.objc; path = TutorialTourViewController.m; sourceTree = "<group>"; };
		EB1D95FD1D5D180F006CD1C6 /* TutorialTourPageContentViewController.h */ = {isa = PBXFileReference; fileEncoding = 4; lastKnownFileType = sourcecode.c.h; path = TutorialTourPageContentViewController.h; sourceTree = "<group>"; };
		EB1D95FE1D5D180F006CD1C6 /* TutorialTourPageContentViewController.m */ = {isa = PBXFileReference; fileEncoding = 4; lastKnownFileType = sourcecode.c.objc; path = TutorialTourPageContentViewController.m; sourceTree = "<group>"; };
		EB3ABB991C7A32520054A82F /* Draw My Life App 2.app */ = {isa = PBXFileReference; explicitFileType = wrapper.application; includeInIndex = 0; path = "Draw My Life App 2.app"; sourceTree = BUILT_PRODUCTS_DIR; };
		EB3ABB9D1C7A32520054A82F /* main.m */ = {isa = PBXFileReference; lastKnownFileType = sourcecode.c.objc; path = main.m; sourceTree = "<group>"; };
		EB3ABB9F1C7A32520054A82F /* AppDelegate.h */ = {isa = PBXFileReference; lastKnownFileType = sourcecode.c.h; path = AppDelegate.h; sourceTree = "<group>"; };
		EB3ABBA01C7A32520054A82F /* AppDelegate.m */ = {isa = PBXFileReference; lastKnownFileType = sourcecode.c.objc; path = AppDelegate.m; sourceTree = "<group>"; };
		EB3ABBA21C7A32520054A82F /* ViewController.h */ = {isa = PBXFileReference; lastKnownFileType = sourcecode.c.h; path = ViewController.h; sourceTree = "<group>"; };
		EB3ABBA31C7A32520054A82F /* ViewController.m */ = {isa = PBXFileReference; lastKnownFileType = sourcecode.c.objc; path = ViewController.m; sourceTree = "<group>"; };
		EB3ABBA61C7A32520054A82F /* Base */ = {isa = PBXFileReference; lastKnownFileType = file.storyboard; name = Base; path = Base.lproj/Main.storyboard; sourceTree = "<group>"; };
		EB3ABBA81C7A32520054A82F /* Assets.xcassets */ = {isa = PBXFileReference; lastKnownFileType = folder.assetcatalog; path = Assets.xcassets; sourceTree = "<group>"; };
		EB3ABBAB1C7A32520054A82F /* Base */ = {isa = PBXFileReference; lastKnownFileType = file.storyboard; name = Base; path = Base.lproj/LaunchScreen.storyboard; sourceTree = "<group>"; };
		EB3ABBAD1C7A32520054A82F /* Info.plist */ = {isa = PBXFileReference; lastKnownFileType = text.plist.xml; path = Info.plist; sourceTree = "<group>"; };
		EB3ABBB21C7A32530054A82F /* Draw My Life App 2Tests.xctest */ = {isa = PBXFileReference; explicitFileType = wrapper.cfbundle; includeInIndex = 0; path = "Draw My Life App 2Tests.xctest"; sourceTree = BUILT_PRODUCTS_DIR; };
		EB3ABBB61C7A32530054A82F /* Draw_My_Life_App_2Tests.m */ = {isa = PBXFileReference; lastKnownFileType = sourcecode.c.objc; path = Draw_My_Life_App_2Tests.m; sourceTree = "<group>"; };
		EB3ABBB81C7A32530054A82F /* Info.plist */ = {isa = PBXFileReference; lastKnownFileType = text.plist.xml; path = Info.plist; sourceTree = "<group>"; };
		EB3ABBBD1C7A32530054A82F /* Draw My Life App 2UITests.xctest */ = {isa = PBXFileReference; explicitFileType = wrapper.cfbundle; includeInIndex = 0; path = "Draw My Life App 2UITests.xctest"; sourceTree = BUILT_PRODUCTS_DIR; };
		EB3ABBC11C7A32530054A82F /* Draw_My_Life_App_2UITests.m */ = {isa = PBXFileReference; lastKnownFileType = sourcecode.c.objc; path = Draw_My_Life_App_2UITests.m; sourceTree = "<group>"; };
		EB3ABBC31C7A32530054A82F /* Info.plist */ = {isa = PBXFileReference; lastKnownFileType = text.plist.xml; path = Info.plist; sourceTree = "<group>"; };
		EB3ABBCF1C7A446C0054A82F /* ChooseColorCollectionViewController.h */ = {isa = PBXFileReference; fileEncoding = 4; lastKnownFileType = sourcecode.c.h; path = ChooseColorCollectionViewController.h; sourceTree = "<group>"; };
		EB3ABBD01C7A446C0054A82F /* ChooseColorCollectionViewController.m */ = {isa = PBXFileReference; fileEncoding = 4; lastKnownFileType = sourcecode.c.objc; path = ChooseColorCollectionViewController.m; sourceTree = "<group>"; };
		EB3ABBEB1C7A73A10054A82F /* RecordDrawingViewController.h */ = {isa = PBXFileReference; fileEncoding = 4; lastKnownFileType = sourcecode.c.h; path = RecordDrawingViewController.h; sourceTree = "<group>"; };
		EB3ABBEC1C7A73A10054A82F /* RecordDrawingViewController.m */ = {isa = PBXFileReference; fileEncoding = 4; lastKnownFileType = sourcecode.c.objc; path = RecordDrawingViewController.m; sourceTree = "<group>"; };
		EB3ABBEE1C7A76610054A82F /* ChooseColorCollectionViewCell.h */ = {isa = PBXFileReference; fileEncoding = 4; lastKnownFileType = sourcecode.c.h; path = ChooseColorCollectionViewCell.h; sourceTree = "<group>"; };
		EB3ABBEF1C7A76610054A82F /* ChooseColorCollectionViewCell.m */ = {isa = PBXFileReference; fileEncoding = 4; lastKnownFileType = sourcecode.c.objc; path = ChooseColorCollectionViewCell.m; sourceTree = "<group>"; };
		EB8220F01D5997260041A4D6 /* marker_red.png */ = {isa = PBXFileReference; lastKnownFileType = image.png; path = marker_red.png; sourceTree = "<group>"; };
		EB8220F11D5997260041A4D6 /* marker_white.png */ = {isa = PBXFileReference; lastKnownFileType = image.png; path = marker_white.png; sourceTree = "<group>"; };
		EB8220F21D5997260041A4D6 /* marker_green.png */ = {isa = PBXFileReference; lastKnownFileType = image.png; path = marker_green.png; sourceTree = "<group>"; };
		EB8220F31D5997260041A4D6 /* marker_black.png */ = {isa = PBXFileReference; lastKnownFileType = image.png; path = marker_black.png; sourceTree = "<group>"; };
		EB8220F41D5997260041A4D6 /* marker_blue.png */ = {isa = PBXFileReference; lastKnownFileType = image.png; path = marker_blue.png; sourceTree = "<group>"; };
		EB8220F51D5997260041A4D6 /* marker_orange_.png */ = {isa = PBXFileReference; lastKnownFileType = image.png; path = marker_orange_.png; sourceTree = "<group>"; };
		EB8220F61D5997260041A4D6 /* marker_purple.png */ = {isa = PBXFileReference; lastKnownFileType = image.png; path = marker_purple.png; sourceTree = "<group>"; };
		EB8220FE1D599EB20041A4D6 /* marker_brown.png */ = {isa = PBXFileReference; lastKnownFileType = image.png; path = marker_brown.png; sourceTree = "<group>"; };
		EB8220FF1D599EB20041A4D6 /* marker_cyan.png */ = {isa = PBXFileReference; lastKnownFileType = image.png; path = marker_cyan.png; sourceTree = "<group>"; };
		EB8221001D599EB20041A4D6 /* marker_magenta.png */ = {isa = PBXFileReference; lastKnownFileType = image.png; path = marker_magenta.png; sourceTree = "<group>"; };
		EB8221011D599EB20041A4D6 /* marker_yellow.png */ = {isa = PBXFileReference; lastKnownFileType = image.png; path = marker_yellow.png; sourceTree = "<group>"; };
		EBBC3BFA1D5AD7B50071DB76 /* stop-512-sm.png */ = {isa = PBXFileReference; lastKnownFileType = image.png; path = "stop-512-sm.png"; sourceTree = "<group>"; };
		EBBC3BFD1D5ADB5A0071DB76 /* redcircle2.png */ = {isa = PBXFileReference; lastKnownFileType = image.png; path = redcircle2.png; sourceTree = "<group>"; };
		EBBC3C031D5AF1660071DB76 /* clear.png */ = {isa = PBXFileReference; lastKnownFileType = image.png; path = clear.png; sourceTree = "<group>"; };
		EBBC3C051D5BA1A10071DB76 /* Draw My Life!.png */ = {isa = PBXFileReference; lastKnownFileType = image.png; path = "Draw My Life!.png"; sourceTree = "<group>"; };
		EBBC3C071D5BA2760071DB76 /* Feedback!.png */ = {isa = PBXFileReference; lastKnownFileType = image.png; path = "Feedback!.png"; sourceTree = "<group>"; };
		EBBC3C091D5BAEA50071DB76 /* Feedback!1.png */ = {isa = PBXFileReference; lastKnownFileType = image.png; path = "Feedback!1.png"; sourceTree = "<group>"; };
		EBBC3C0B1D5BB0E50071DB76 /* Draw My Life!1.png */ = {isa = PBXFileReference; lastKnownFileType = image.png; path = "Draw My Life!1.png"; sourceTree = "<group>"; };
		EBBC3C0F1D5BBB2C0071DB76 /* redGradient.png */ = {isa = PBXFileReference; lastKnownFileType = image.png; path = redGradient.png; sourceTree = "<group>"; };
		EBBC3C111D5BC15C0071DB76 /* DML2!Logo.png */ = {isa = PBXFileReference; lastKnownFileType = image.png; path = "DML2!Logo.png"; sourceTree = "<group>"; };
/* End PBXFileReference section */

/* Begin PBXFrameworksBuildPhase section */
		EB3ABB961C7A32520054A82F /* Frameworks */ = {
			isa = PBXFrameworksBuildPhase;
			buildActionMask = 2147483647;
			files = (
			);
			runOnlyForDeploymentPostprocessing = 0;
		};
		EB3ABBAF1C7A32530054A82F /* Frameworks */ = {
			isa = PBXFrameworksBuildPhase;
			buildActionMask = 2147483647;
			files = (
			);
			runOnlyForDeploymentPostprocessing = 0;
		};
		EB3ABBBA1C7A32530054A82F /* Frameworks */ = {
			isa = PBXFrameworksBuildPhase;
			buildActionMask = 2147483647;
			files = (
			);
			runOnlyForDeploymentPostprocessing = 0;
		};
/* End PBXFrameworksBuildPhase section */

/* Begin PBXGroup section */
		EB3ABB901C7A32520054A82F = {
			isa = PBXGroup;
			children = (
				EB3ABB9B1C7A32520054A82F /* Draw My Life App 2 */,
				EB3ABBB51C7A32530054A82F /* Draw My Life App 2Tests */,
				EB3ABBC01C7A32530054A82F /* Draw My Life App 2UITests */,
				EB3ABB9A1C7A32520054A82F /* Products */,
			);
			sourceTree = "<group>";
		};
		EB3ABB9A1C7A32520054A82F /* Products */ = {
			isa = PBXGroup;
			children = (
				EB3ABB991C7A32520054A82F /* Draw My Life App 2.app */,
				EB3ABBB21C7A32530054A82F /* Draw My Life App 2Tests.xctest */,
				EB3ABBBD1C7A32530054A82F /* Draw My Life App 2UITests.xctest */,
			);
			name = Products;
			sourceTree = "<group>";
		};
		EB3ABB9B1C7A32520054A82F /* Draw My Life App 2 */ = {
			isa = PBXGroup;
			children = (
				EB12FFA61D52A4C3005B68B4 /* UINavigationController+DMLNavCategory.h */,
				EB12FFA41D52A49C005B68B4 /* UINavigationController+DMLNavCategory.m */,
				EB3ABBEB1C7A73A10054A82F /* RecordDrawingViewController.h */,
				EB3ABBEC1C7A73A10054A82F /* RecordDrawingViewController.m */,
				EB3ABBCF1C7A446C0054A82F /* ChooseColorCollectionViewController.h */,
				EB3ABBD01C7A446C0054A82F /* ChooseColorCollectionViewController.m */,
				EB3ABBEE1C7A76610054A82F /* ChooseColorCollectionViewCell.h */,
				EB3ABBEF1C7A76610054A82F /* ChooseColorCollectionViewCell.m */,
				EB3ABB9F1C7A32520054A82F /* AppDelegate.h */,
				EB3ABBA01C7A32520054A82F /* AppDelegate.m */,
				EB3ABBA21C7A32520054A82F /* ViewController.h */,
				EB3ABBA31C7A32520054A82F /* ViewController.m */,
				EB3ABBA51C7A32520054A82F /* Main.storyboard */,
				EB1D95FD1D5D180F006CD1C6 /* TutorialTourPageContentViewController.h */,
				EB1D95FE1D5D180F006CD1C6 /* TutorialTourPageContentViewController.m */,
				EB1D95FA1D5D1733006CD1C6 /* TutorialTourViewController.h */,
				EB1D95FB1D5D1733006CD1C6 /* TutorialTourViewController.m */,
				EB1D95F71D5D16C1006CD1C6 /* TutorialTourPageViewController.h */,
				EB1D95F81D5D16C1006CD1C6 /* TutorialTourPageViewController.m */,
				EB3ABBA81C7A32520054A82F /* Assets.xcassets */,
				EB3ABBAA1C7A32520054A82F /* LaunchScreen.storyboard */,
				EB3ABBAD1C7A32520054A82F /* Info.plist */,
				EB3ABB9C1C7A32520054A82F /* Supporting Files */,
			);
			path = "Draw My Life App 2";
			sourceTree = "<group>";
		};
		EB3ABB9C1C7A32520054A82F /* Supporting Files */ = {
			isa = PBXGroup;
			children = (
				EB1D95F41D5D03C7006CD1C6 /* choosebackgroundT.png */,
				EB1D95F21D5D0100006CD1C6 /* realRecordT.png */,
				EB1D95EC1D5D00E1006CD1C6 /* pencilthicknessT.png */,
				EB1D95ED1D5D00E1006CD1C6 /* previewscreenT.png */,
				EB1D95EE1D5D00E1006CD1C6 /* shareT.png */,
				EBBC3C111D5BC15C0071DB76 /* DML2!Logo.png */,
				EBBC3C0F1D5BBB2C0071DB76 /* redGradient.png */,
				EBBC3C0B1D5BB0E50071DB76 /* Draw My Life!1.png */,
				EBBC3C091D5BAEA50071DB76 /* Feedback!1.png */,
				EBBC3C051D5BA1A10071DB76 /* Draw My Life!.png */,
				EBBC3C071D5BA2760071DB76 /* Feedback!.png */,
				EBBC3C031D5AF1660071DB76 /* clear.png */,
				EBBC3BFD1D5ADB5A0071DB76 /* redcircle2.png */,
				EBBC3BFA1D5AD7B50071DB76 /* stop-512-sm.png */,
				EB8220FE1D599EB20041A4D6 /* marker_brown.png */,
				EB8220FF1D599EB20041A4D6 /* marker_cyan.png */,
				EB8221001D599EB20041A4D6 /* marker_magenta.png */,
				EB8221011D599EB20041A4D6 /* marker_yellow.png */,
				EB8220F01D5997260041A4D6 /* marker_red.png */,
				EB8220F11D5997260041A4D6 /* marker_white.png */,
				EB8220F21D5997260041A4D6 /* marker_green.png */,
				EB8220F31D5997260041A4D6 /* marker_black.png */,
				EB8220F41D5997260041A4D6 /* marker_blue.png */,
				EB8220F51D5997260041A4D6 /* marker_orange_.png */,
				EB8220F61D5997260041A4D6 /* marker_purple.png */,
				EB0032281C976AA5000FAAD2 /* serveimage.jpg */,
				EB3ABB9D1C7A32520054A82F /* main.m */,
			);
			name = "Supporting Files";
			sourceTree = "<group>";
		};
		EB3ABBB51C7A32530054A82F /* Draw My Life App 2Tests */ = {
			isa = PBXGroup;
			children = (
				EB3ABBB61C7A32530054A82F /* Draw_My_Life_App_2Tests.m */,
				EB3ABBB81C7A32530054A82F /* Info.plist */,
			);
			path = "Draw My Life App 2Tests";
			sourceTree = "<group>";
		};
		EB3ABBC01C7A32530054A82F /* Draw My Life App 2UITests */ = {
			isa = PBXGroup;
			children = (
				EB3ABBC11C7A32530054A82F /* Draw_My_Life_App_2UITests.m */,
				EB3ABBC31C7A32530054A82F /* Info.plist */,
			);
			path = "Draw My Life App 2UITests";
			sourceTree = "<group>";
		};
/* End PBXGroup section */

/* Begin PBXNativeTarget section */
		EB3ABB981C7A32520054A82F /* Draw My Life App 2 */ = {
			isa = PBXNativeTarget;
			buildConfigurationList = EB3ABBC61C7A32530054A82F /* Build configuration list for PBXNativeTarget "Draw My Life App 2" */;
			buildPhases = (
				EB3ABB951C7A32520054A82F /* Sources */,
				EB3ABB961C7A32520054A82F /* Frameworks */,
				EB3ABB971C7A32520054A82F /* Resources */,
			);
			buildRules = (
			);
			dependencies = (
			);
			name = "Draw My Life App 2";
			productName = "Draw My Life App 2";
			productReference = EB3ABB991C7A32520054A82F /* Draw My Life App 2.app */;
			productType = "com.apple.product-type.application";
		};
		EB3ABBB11C7A32530054A82F /* Draw My Life App 2Tests */ = {
			isa = PBXNativeTarget;
			buildConfigurationList = EB3ABBC91C7A32530054A82F /* Build configuration list for PBXNativeTarget "Draw My Life App 2Tests" */;
			buildPhases = (
				EB3ABBAE1C7A32530054A82F /* Sources */,
				EB3ABBAF1C7A32530054A82F /* Frameworks */,
				EB3ABBB01C7A32530054A82F /* Resources */,
			);
			buildRules = (
			);
			dependencies = (
				EB3ABBB41C7A32530054A82F /* PBXTargetDependency */,
			);
			name = "Draw My Life App 2Tests";
			productName = "Draw My Life App 2Tests";
			productReference = EB3ABBB21C7A32530054A82F /* Draw My Life App 2Tests.xctest */;
			productType = "com.apple.product-type.bundle.unit-test";
		};
		EB3ABBBC1C7A32530054A82F /* Draw My Life App 2UITests */ = {
			isa = PBXNativeTarget;
			buildConfigurationList = EB3ABBCC1C7A32530054A82F /* Build configuration list for PBXNativeTarget "Draw My Life App 2UITests" */;
			buildPhases = (
				EB3ABBB91C7A32530054A82F /* Sources */,
				EB3ABBBA1C7A32530054A82F /* Frameworks */,
				EB3ABBBB1C7A32530054A82F /* Resources */,
			);
			buildRules = (
			);
			dependencies = (
				EB3ABBBF1C7A32530054A82F /* PBXTargetDependency */,
			);
			name = "Draw My Life App 2UITests";
			productName = "Draw My Life App 2UITests";
			productReference = EB3ABBBD1C7A32530054A82F /* Draw My Life App 2UITests.xctest */;
			productType = "com.apple.product-type.bundle.ui-testing";
		};
/* End PBXNativeTarget section */

/* Begin PBXProject section */
		EB3ABB911C7A32520054A82F /* Project object */ = {
			isa = PBXProject;
			attributes = {
				LastUpgradeCheck = 0720;
				ORGANIZATIONNAME = "Josh Akins";
				TargetAttributes = {
					EB3ABB981C7A32520054A82F = {
						CreatedOnToolsVersion = 7.2.1;
						DevelopmentTeam = 64JXB3XQ2N;
					};
					EB3ABBB11C7A32530054A82F = {
						CreatedOnToolsVersion = 7.2.1;
						TestTargetID = EB3ABB981C7A32520054A82F;
					};
					EB3ABBBC1C7A32530054A82F = {
						CreatedOnToolsVersion = 7.2.1;
						TestTargetID = EB3ABB981C7A32520054A82F;
					};
				};
			};
			buildConfigurationList = EB3ABB941C7A32520054A82F /* Build configuration list for PBXProject "Draw My Life App 2" */;
			compatibilityVersion = "Xcode 3.2";
			developmentRegion = English;
			hasScannedForEncodings = 0;
			knownRegions = (
				en,
				Base,
			);
			mainGroup = EB3ABB901C7A32520054A82F;
			productRefGroup = EB3ABB9A1C7A32520054A82F /* Products */;
			projectDirPath = "";
			projectRoot = "";
			targets = (
				EB3ABB981C7A32520054A82F /* Draw My Life App 2 */,
				EB3ABBB11C7A32530054A82F /* Draw My Life App 2Tests */,
				EB3ABBBC1C7A32530054A82F /* Draw My Life App 2UITests */,
			);
		};
/* End PBXProject section */

/* Begin PBXResourcesBuildPhase section */
		EB3ABB971C7A32520054A82F /* Resources */ = {
			isa = PBXResourcesBuildPhase;
			buildActionMask = 2147483647;
			files = (
				EBBC3C101D5BBB2C0071DB76 /* redGradient.png in Resources */,
				EB8220FD1D5997260041A4D6 /* marker_purple.png in Resources */,
				EB8221051D599EB20041A4D6 /* marker_yellow.png in Resources */,
				EB1D95F51D5D03C7006CD1C6 /* choosebackgroundT.png in Resources */,
				EB8221031D599EB20041A4D6 /* marker_cyan.png in Resources */,
				EB3ABBAC1C7A32520054A82F /* LaunchScreen.storyboard in Resources */,
				EB8220FA1D5997260041A4D6 /* marker_black.png in Resources */,
				EB1D95F11D5D00E1006CD1C6 /* shareT.png in Resources */,
				EB0032291C976AA5000FAAD2 /* serveimage.jpg in Resources */,
				EB1D95F01D5D00E1006CD1C6 /* previewscreenT.png in Resources */,
				EB3ABBA91C7A32520054A82F /* Assets.xcassets in Resources */,
				EB8220F91D5997260041A4D6 /* marker_green.png in Resources */,
				EB8220FB1D5997260041A4D6 /* marker_blue.png in Resources */,
				EBBC3C041D5AF1660071DB76 /* clear.png in Resources */,
				EB8220F81D5997260041A4D6 /* marker_white.png in Resources */,
				EBBC3BFE1D5ADB5A0071DB76 /* redcircle2.png in Resources */,
				EB8221021D599EB20041A4D6 /* marker_brown.png in Resources */,
				EBBC3C0C1D5BB0E50071DB76 /* Draw My Life!1.png in Resources */,
				EB1D95EF1D5D00E1006CD1C6 /* pencilthicknessT.png in Resources */,
				EB8220F71D5997260041A4D6 /* marker_red.png in Resources */,
				EBBC3C0A1D5BAEA50071DB76 /* Feedback!1.png in Resources */,
				EBBC3C121D5BC15C0071DB76 /* DML2!Logo.png in Resources */,
				EBBC3C081D5BA2760071DB76 /* Feedback!.png in Resources */,
				EBBC3BFC1D5AD7B50071DB76 /* stop-512-sm.png in Resources */,
				EBBC3C061D5BA1A10071DB76 /* Draw My Life!.png in Resources */,
				EB3ABBA71C7A32520054A82F /* Main.storyboard in Resources */,
				EB1D95F31D5D0100006CD1C6 /* realRecordT.png in Resources */,
				EB8220FC1D5997260041A4D6 /* marker_orange_.png in Resources */,
				EB8221041D599EB20041A4D6 /* marker_magenta.png in Resources */,
			);
			runOnlyForDeploymentPostprocessing = 0;
		};
		EB3ABBB01C7A32530054A82F /* Resources */ = {
			isa = PBXResourcesBuildPhase;
			buildActionMask = 2147483647;
			files = (
			);
			runOnlyForDeploymentPostprocessing = 0;
		};
		EB3ABBBB1C7A32530054A82F /* Resources */ = {
			isa = PBXResourcesBuildPhase;
			buildActionMask = 2147483647;
			files = (
			);
			runOnlyForDeploymentPostprocessing = 0;
		};
/* End PBXResourcesBuildPhase section */

/* Begin PBXSourcesBuildPhase section */
		EB3ABB951C7A32520054A82F /* Sources */ = {
			isa = PBXSourcesBuildPhase;
			buildActionMask = 2147483647;
			files = (
				EB3ABBA41C7A32520054A82F /* ViewController.m in Sources */,
				EB3ABBA11C7A32520054A82F /* AppDelegate.m in Sources */,
				EB1D95F91D5D16C1006CD1C6 /* TutorialTourPageViewController.m in Sources */,
				EB1D95FF1D5D180F006CD1C6 /* TutorialTourPageContentViewController.m in Sources */,
				EB1D95FC1D5D1733006CD1C6 /* TutorialTourViewController.m in Sources */,
				EB3ABB9E1C7A32520054A82F /* main.m in Sources */,
				EB3ABBF01C7A76610054A82F /* ChooseColorCollectionViewCell.m in Sources */,
				EB12FFA51D52A49C005B68B4 /* UINavigationController+DMLNavCategory.m in Sources */,
				EB3ABBED1C7A73A10054A82F /* RecordDrawingViewController.m in Sources */,
				EB3ABBD11C7A446C0054A82F /* ChooseColorCollectionViewController.m in Sources */,
			);
			runOnlyForDeploymentPostprocessing = 0;
		};
		EB3ABBAE1C7A32530054A82F /* Sources */ = {
			isa = PBXSourcesBuildPhase;
			buildActionMask = 2147483647;
			files = (
				EB3ABBB71C7A32530054A82F /* Draw_My_Life_App_2Tests.m in Sources */,
			);
			runOnlyForDeploymentPostprocessing = 0;
		};
		EB3ABBB91C7A32530054A82F /* Sources */ = {
			isa = PBXSourcesBuildPhase;
			buildActionMask = 2147483647;
			files = (
				EB3ABBC21C7A32530054A82F /* Draw_My_Life_App_2UITests.m in Sources */,
			);
			runOnlyForDeploymentPostprocessing = 0;
		};
/* End PBXSourcesBuildPhase section */

/* Begin PBXTargetDependency section */
		EB3ABBB41C7A32530054A82F /* PBXTargetDependency */ = {
			isa = PBXTargetDependency;
			target = EB3ABB981C7A32520054A82F /* Draw My Life App 2 */;
			targetProxy = EB3ABBB31C7A32530054A82F /* PBXContainerItemProxy */;
		};
		EB3ABBBF1C7A32530054A82F /* PBXTargetDependency */ = {
			isa = PBXTargetDependency;
			target = EB3ABB981C7A32520054A82F /* Draw My Life App 2 */;
			targetProxy = EB3ABBBE1C7A32530054A82F /* PBXContainerItemProxy */;
		};
/* End PBXTargetDependency section */

/* Begin PBXVariantGroup section */
		EB3ABBA51C7A32520054A82F /* Main.storyboard */ = {
			isa = PBXVariantGroup;
			children = (
				EB3ABBA61C7A32520054A82F /* Base */,
			);
			name = Main.storyboard;
			sourceTree = "<group>";
		};
		EB3ABBAA1C7A32520054A82F /* LaunchScreen.storyboard */ = {
			isa = PBXVariantGroup;
			children = (
				EB3ABBAB1C7A32520054A82F /* Base */,
			);
			name = LaunchScreen.storyboard;
			sourceTree = "<group>";
		};
/* End PBXVariantGroup section */

/* Begin XCBuildConfiguration section */
		EB3ABBC41C7A32530054A82F /* Debug */ = {
			isa = XCBuildConfiguration;
			buildSettings = {
				ALWAYS_SEARCH_USER_PATHS = NO;
				CLANG_CXX_LANGUAGE_STANDARD = "gnu++0x";
				CLANG_CXX_LIBRARY = "libc++";
				CLANG_ENABLE_MODULES = YES;
				CLANG_ENABLE_OBJC_ARC = YES;
				CLANG_WARN_BOOL_CONVERSION = YES;
				CLANG_WARN_CONSTANT_CONVERSION = YES;
				CLANG_WARN_DIRECT_OBJC_ISA_USAGE = YES_ERROR;
				CLANG_WARN_EMPTY_BODY = YES;
				CLANG_WARN_ENUM_CONVERSION = YES;
				CLANG_WARN_INT_CONVERSION = YES;
				CLANG_WARN_OBJC_ROOT_CLASS = YES_ERROR;
				CLANG_WARN_UNREACHABLE_CODE = YES;
				CLANG_WARN__DUPLICATE_METHOD_MATCH = YES;
				"CODE_SIGN_IDENTITY[sdk=iphoneos*]" = "iPhone Developer";
				COPY_PHASE_STRIP = NO;
				DEBUG_INFORMATION_FORMAT = dwarf;
				ENABLE_STRICT_OBJC_MSGSEND = YES;
				ENABLE_TESTABILITY = YES;
				GCC_C_LANGUAGE_STANDARD = gnu99;
				GCC_DYNAMIC_NO_PIC = NO;
				GCC_NO_COMMON_BLOCKS = YES;
				GCC_OPTIMIZATION_LEVEL = 0;
				GCC_PREPROCESSOR_DEFINITIONS = (
					"DEBUG=1",
					"$(inherited)",
				);
				GCC_WARN_64_TO_32_BIT_CONVERSION = YES;
				GCC_WARN_ABOUT_RETURN_TYPE = YES_ERROR;
				GCC_WARN_UNDECLARED_SELECTOR = YES;
				GCC_WARN_UNINITIALIZED_AUTOS = YES_AGGRESSIVE;
				GCC_WARN_UNUSED_FUNCTION = YES;
				GCC_WARN_UNUSED_VARIABLE = YES;
				IPHONEOS_DEPLOYMENT_TARGET = 8.0;
				MTL_ENABLE_DEBUG_INFO = YES;
				ONLY_ACTIVE_ARCH = YES;
				SDKROOT = iphoneos;
				TARGETED_DEVICE_FAMILY = "1,2";
			};
			name = Debug;
		};
		EB3ABBC51C7A32530054A82F /* Release */ = {
			isa = XCBuildConfiguration;
			buildSettings = {
				ALWAYS_SEARCH_USER_PATHS = NO;
				CLANG_CXX_LANGUAGE_STANDARD = "gnu++0x";
				CLANG_CXX_LIBRARY = "libc++";
				CLANG_ENABLE_MODULES = YES;
				CLANG_ENABLE_OBJC_ARC = YES;
				CLANG_WARN_BOOL_CONVERSION = YES;
				CLANG_WARN_CONSTANT_CONVERSION = YES;
				CLANG_WARN_DIRECT_OBJC_ISA_USAGE = YES_ERROR;
				CLANG_WARN_EMPTY_BODY = YES;
				CLANG_WARN_ENUM_CONVERSION = YES;
				CLANG_WARN_INT_CONVERSION = YES;
				CLANG_WARN_OBJC_ROOT_CLASS = YES_ERROR;
				CLANG_WARN_UNREACHABLE_CODE = YES;
				CLANG_WARN__DUPLICATE_METHOD_MATCH = YES;
				"CODE_SIGN_IDENTITY[sdk=iphoneos*]" = "iPhone Developer";
				COPY_PHASE_STRIP = NO;
				DEBUG_INFORMATION_FORMAT = "dwarf-with-dsym";
				ENABLE_NS_ASSERTIONS = NO;
				ENABLE_STRICT_OBJC_MSGSEND = YES;
				GCC_C_LANGUAGE_STANDARD = gnu99;
				GCC_NO_COMMON_BLOCKS = YES;
				GCC_WARN_64_TO_32_BIT_CONVERSION = YES;
				GCC_WARN_ABOUT_RETURN_TYPE = YES_ERROR;
				GCC_WARN_UNDECLARED_SELECTOR = YES;
				GCC_WARN_UNINITIALIZED_AUTOS = YES_AGGRESSIVE;
				GCC_WARN_UNUSED_FUNCTION = YES;
				GCC_WARN_UNUSED_VARIABLE = YES;
				IPHONEOS_DEPLOYMENT_TARGET = 8.0;
				MTL_ENABLE_DEBUG_INFO = NO;
				SDKROOT = iphoneos;
				TARGETED_DEVICE_FAMILY = "1,2";
				VALIDATE_PRODUCT = YES;
			};
			name = Release;
		};
		EB3ABBC71C7A32530054A82F /* Debug */ = {
			isa = XCBuildConfiguration;
			buildSettings = {
				ASSETCATALOG_COMPILER_APPICON_NAME = AppIcon;
				CODE_SIGN_IDENTITY = "iPhone Developer";
				"CODE_SIGN_IDENTITY[sdk=iphoneos*]" = "iPhone Developer";
				INFOPLIST_FILE = "Draw My Life App 2/Info.plist";
				IPHONEOS_DEPLOYMENT_TARGET = 9.0;
				LD_RUNPATH_SEARCH_PATHS = "$(inherited) @executable_path/Frameworks";
				PRODUCT_BUNDLE_IDENTIFIER = com.iridescentapps.drawmylifeappsupremena;
				PRODUCT_NAME = "$(TARGET_NAME)";
				PROVISIONING_PROFILE = "";
			};
			name = Debug;
		};
		EB3ABBC81C7A32530054A82F /* Release */ = {
			isa = XCBuildConfiguration;
			buildSettings = {
				ASSETCATALOG_COMPILER_APPICON_NAME = AppIcon;
				CODE_SIGN_IDENTITY = "iPhone Developer";
				"CODE_SIGN_IDENTITY[sdk=iphoneos*]" = "iPhone Developer";
				INFOPLIST_FILE = "Draw My Life App 2/Info.plist";
				IPHONEOS_DEPLOYMENT_TARGET = 9.0;
				LD_RUNPATH_SEARCH_PATHS = "$(inherited) @executable_path/Frameworks";
				PRODUCT_BUNDLE_IDENTIFIER = com.iridescentapps.drawmylifeappsupremena;
				PRODUCT_NAME = "$(TARGET_NAME)";
				PROVISIONING_PROFILE = "";
			};
			name = Release;
		};
		EB3ABBCA1C7A32530054A82F /* Debug */ = {
			isa = XCBuildConfiguration;
			buildSettings = {
				BUNDLE_LOADER = "$(TEST_HOST)";
				INFOPLIST_FILE = "Draw My Life App 2Tests/Info.plist";
				LD_RUNPATH_SEARCH_PATHS = "$(inherited) @executable_path/Frameworks @loader_path/Frameworks";
				PRODUCT_BUNDLE_IDENTIFIER = "com.iridescentapps.drawmylifeapp2.Draw-My-Life-App-2Tests";
				PRODUCT_NAME = "$(TARGET_NAME)";
				TEST_HOST = "$(BUILT_PRODUCTS_DIR)/Draw My Life App 2.app/Draw My Life App 2";
			};
			name = Debug;
		};
		EB3ABBCB1C7A32530054A82F /* Release */ = {
			isa = XCBuildConfiguration;
			buildSettings = {
				BUNDLE_LOADER = "$(TEST_HOST)";
				INFOPLIST_FILE = "Draw My Life App 2Tests/Info.plist";
				LD_RUNPATH_SEARCH_PATHS = "$(inherited) @executable_path/Frameworks @loader_path/Frameworks";
				PRODUCT_BUNDLE_IDENTIFIER = "com.iridescentapps.drawmylifeapp2.Draw-My-Life-App-2Tests";
				PRODUCT_NAME = "$(TARGET_NAME)";
				TEST_HOST = "$(BUILT_PRODUCTS_DIR)/Draw My Life App 2.app/Draw My Life App 2";
			};
			name = Release;
		};
		EB3ABBCD1C7A32530054A82F /* Debug */ = {
			isa = XCBuildConfiguration;
			buildSettings = {
				INFOPLIST_FILE = "Draw My Life App 2UITests/Info.plist";
				LD_RUNPATH_SEARCH_PATHS = "$(inherited) @executable_path/Frameworks @loader_path/Frameworks";
				PRODUCT_BUNDLE_IDENTIFIER = "com.iridescentapps.drawmylifeapp2.Draw-My-Life-App-2UITests";
				PRODUCT_NAME = "$(TARGET_NAME)";
				TEST_TARGET_NAME = "Draw My Life App 2";
				USES_XCTRUNNER = YES;
			};
			name = Debug;
		};
		EB3ABBCE1C7A32530054A82F /* Release */ = {
			isa = XCBuildConfiguration;
			buildSettings = {
				INFOPLIST_FILE = "Draw My Life App 2UITests/Info.plist";
				LD_RUNPATH_SEARCH_PATHS = "$(inherited) @executable_path/Frameworks @loader_path/Frameworks";
				PRODUCT_BUNDLE_IDENTIFIER = "com.iridescentapps.drawmylifeapp2.Draw-My-Life-App-2UITests";
				PRODUCT_NAME = "$(TARGET_NAME)";
				TEST_TARGET_NAME = "Draw My Life App 2";
				USES_XCTRUNNER = YES;
			};
			name = Release;
		};
/* End XCBuildConfiguration section */

/* Begin XCConfigurationList section */
		EB3ABB941C7A32520054A82F /* Build configuration list for PBXProject "Draw My Life App 2" */ = {
			isa = XCConfigurationList;
			buildConfigurations = (
				EB3ABBC41C7A32530054A82F /* Debug */,
				EB3ABBC51C7A32530054A82F /* Release */,
			);
			defaultConfigurationIsVisible = 0;
			defaultConfigurationName = Release;
		};
		EB3ABBC61C7A32530054A82F /* Build configuration list for PBXNativeTarget "Draw My Life App 2" */ = {
			isa = XCConfigurationList;
			buildConfigurations = (
				EB3ABBC71C7A32530054A82F /* Debug */,
				EB3ABBC81C7A32530054A82F /* Release */,
			);
			defaultConfigurationIsVisible = 0;
			defaultConfigurationName = Release;
		};
		EB3ABBC91C7A32530054A82F /* Build configuration list for PBXNativeTarget "Draw My Life App 2Tests" */ = {
			isa = XCConfigurationList;
			buildConfigurations = (
				EB3ABBCA1C7A32530054A82F /* Debug */,
				EB3ABBCB1C7A32530054A82F /* Release */,
			);
			defaultConfigurationIsVisible = 0;
			defaultConfigurationName = Release;
		};
		EB3ABBCC1C7A32530054A82F /* Build configuration list for PBXNativeTarget "Draw My Life App 2UITests" */ = {
			isa = XCConfigurationList;
			buildConfigurations = (
				EB3ABBCD1C7A32530054A82F /* Debug */,
				EB3ABBCE1C7A32530054A82F /* Release */,
			);
			defaultConfigurationIsVisible = 0;
			defaultConfigurationName = Release;
		};
/* End XCConfigurationList section */
	};
	rootObject = EB3ABB911C7A32520054A82F /* Project object */;
}
